
Microsoft Visual Studio Solution File, Format Version 12.00
# Visual Studio 2015
Project("{FAE04EC0-301F-11D3-BF4B-00C04F79EFBC}") = "Squashy-Toad-VR.CSharp.Plugins", "Squashy-Toad-VR.CSharp.Plugins.csproj", "{BCE65842-891F-341F-E35D-A74E19DB0950}"
EndProject
Project("{FAE04EC0-301F-11D3-BF4B-00C04F79EFBC}") = "Squashy-Toad-VR.CSharp", "Squashy-Toad-VR.CSharp.csproj", "{E233DDBF-4769-3E04-B939-2FEACAA36B5F}"
EndProject
Project("{FAE04EC0-301F-11D3-BF4B-00C04F79EFBC}") = "Squashy-Toad-VR.CSharp.Editor", "Squashy-Toad-VR.CSharp.Editor.csproj", "{497CC622-4309-A04F-3C2E-6D74C3428565}"
EndProject
Global
	GlobalSection(SolutionConfigurationPlatforms) = preSolution
		Debug|Any CPU = Debug|Any CPU
		Release|Any CPU = Release|Any CPU
	EndGlobalSection
	GlobalSection(ProjectConfigurationPlatforms) = postSolution
		{BCE65842-891F-341F-E35D-A74E19DB0950}.Debug|Any CPU.ActiveCfg = Debug|Any CPU
		{BCE65842-891F-341F-E35D-A74E19DB0950}.Debug|Any CPU.Build.0 = Debug|Any CPU
		{BCE65842-891F-341F-E35D-A74E19DB0950}.Release|Any CPU.ActiveCfg = Release|Any CPU
		{BCE65842-891F-341F-E35D-A74E19DB0950}.Release|Any CPU.Build.0 = Release|Any CPU
		{E233DDBF-4769-3E04-B939-2FEACAA36B5F}.Debug|Any CPU.ActiveCfg = Debug|Any CPU
		{E233DDBF-4769-3E04-B939-2FEACAA36B5F}.Debug|Any CPU.Build.0 = Debug|Any CPU
		{E233DDBF-4769-3E04-B939-2FEACAA36B5F}.Release|Any CPU.ActiveCfg = Release|Any CPU
		{E233DDBF-4769-3E04-B939-2FEACAA36B5F}.Release|Any CPU.Build.0 = Release|Any CPU
		{497CC622-4309-A04F-3C2E-6D74C3428565}.Debug|Any CPU.ActiveCfg = Debug|Any CPU
		{497CC622-4309-A04F-3C2E-6D74C3428565}.Debug|Any CPU.Build.0 = Debug|Any CPU
		{497CC622-4309-A04F-3C2E-6D74C3428565}.Release|Any CPU.ActiveCfg = Release|Any CPU
		{497CC622-4309-A04F-3C2E-6D74C3428565}.Release|Any CPU.Build.0 = Release|Any CPU
	EndGlobalSection
	GlobalSection(SolutionProperties) = preSolution
		HideSolutionNode = FALSE
	EndGlobalSection
EndGlobal
